Microsoft Visual Studio Solution File, Format Version 12.00
# Visual Studio 2013
VisualStudioVersion = 12.0.21005.1
MinimumVisualStudioVersion = 10.0.40219.1
Project("{8BC9CEB8-8B4A-11D0-8D11-00A0C91BC942}") = "libcaffe", "libcaffe\libcaffe.vcxproj", "{A9ACEF83-7B63-4574-A554-89CE869EA141}"
EndProject
Project("{8BC9CEB8-8B4A-11D0-8D11-00A0C91BC942}") = "classification", "classification\classification.vcxproj", "{273E7766-61AA-437C-BCA9-4CA7FE0484D4}"
EndProject
Project("{2150E333-8FDC-42A3-9474-1A3956D46DE8}") = "Props", "Props", "{09004096-7BA3-4BCB-AA21-EAAC5FC3D14F}"
	ProjectSection(SolutionItems) = preProject
		CaffeBuildSettings.props = CaffeBuildSettings.props
		CommonSettings.props = CommonSettings.props
	EndProjectSection
EndProject
Project("{2150E333-8FDC-42A3-9474-1A3956D46DE8}") = "Solution Items", "Solution Items", "{14F6B319-0F7B-423C-9CA6-0E3F8C114A5A}"
	ProjectSection(SolutionItems) = preProject
		nuget.config = nuget.config
	EndProjectSection
EndProject
Global
	GlobalSection(SolutionConfigurationPlatforms) = preSolution
		Debug|x64 = Debug|x64
		Release|x64 = Release|x64
	EndGlobalSection
	GlobalSection(ProjectConfigurationPlatforms) = postSolution
		{A9ACEF83-7B63-4574-A554-89CE869EA141}.Debug|x64.ActiveCfg = Debug|x64
		{A9ACEF83-7B63-4574-A554-89CE869EA141}.Debug|x64.Build.0 = Debug|x64
		{A9ACEF83-7B63-4574-A554-89CE869EA141}.Release|x64.ActiveCfg = Release|x64
		{A9ACEF83-7B63-4574-A554-89CE869EA141}.Release|x64.Build.0 = Release|x64
		{273E7766-61AA-437C-BCA9-4CA7FE0484D4}.Debug|x64.ActiveCfg = Debug|x64
		{273E7766-61AA-437C-BCA9-4CA7FE0484D4}.Debug|x64.Build.0 = Debug|x64
		{273E7766-61AA-437C-BCA9-4CA7FE0484D4}.Release|x64.ActiveCfg = Release|x64
		{273E7766-61AA-437C-BCA9-4CA7FE0484D4}.Release|x64.Build.0 = Release|x64
	EndGlobalSection
	GlobalSection(SolutionProperties) = preSolution
		HideSolutionNode = FALSE
	EndGlobalSection
EndGlobal
